
Microsoft Visual Studio Solution File, Format Version 12.00
# Visual Studio Version 17
VisualStudioVersion = 17.0.31903.59
MinimumVisualStudioVersion = 10.0.40219.1
Project("{FAE04EC0-301F-11D3-BF4B-00C04F79EFBC}") = "Minesweeper", "Minesweeper\Minesweeper.csproj", "{94C62445-934E-4A15-901A-9EB1E671686E}"
EndProject
Global
	GlobalSection(SolutionConfigurationPlatforms) = preSolution
		Debug|Any CPU = Debug|Any CPU
		Release|Any CPU = Release|Any CPU
	EndGlobalSection
	GlobalSection(SolutionProperties) = preSolution
		HideSolutionNode = FALSE
	EndGlobalSection
	GlobalSection(ProjectConfigurationPlatforms) = postSolution
		{94C62445-934E-4A15-901A-9EB1E671686E}.Debug|Any CPU.ActiveCfg = Debug|Any CPU
		{94C62445-934E-4A15-901A-9EB1E671686E}.Debug|Any CPU.Build.0 = Debug|Any CPU
		{94C62445-934E-4A15-901A-9EB1E671686E}.Release|Any CPU.ActiveCfg = Release|Any CPU
		{94C62445-934E-4A15-901A-9EB1E671686E}.Release|Any CPU.Build.0 = Release|Any CPU
	EndGlobalSection
EndGlobal
